
Microsoft Visual Studio Solution File, Format Version 12.00
# Visual Studio Version 17
VisualStudioVersion = 17.4.33122.133
MinimumVisualStudioVersion = 10.0.40219.1
Project("{9A19103F-16F7-4668-BE54-9A1E7A4F7556}") = "HighfieldRecruitmentTest", "HighfieldRecruitmentTest\HighfieldRecruitmentTest.csproj", "{A2F2BCC8-E655-4527-AD59-722DB38C7A97}"
EndProject
Project("{FAE04EC0-301F-11D3-BF4B-00C04F79EFBC}") = "HighfieldRecruitmentTest.Tests", "HighfieldRecruitmentTest.Tests\HighfieldRecruitmentTest.Tests.csproj", "{DDB55788-17D8-4BF5-B9F3-55A8C2A27148}"
EndProject
Project("{2150E333-8FDC-42A3-9474-1A3956D46DE8}") = "README.md", "README.md", "{89BE0897-DF07-4842-97E3-B10414EC8008}"
	ProjectSection(SolutionItems) = preProject
		README.md = README.md
	EndProjectSection
EndProject
Global
	GlobalSection(SolutionConfigurationPlatforms) = preSolution
		Debug|Any CPU = Debug|Any CPU
		Release|Any CPU = Release|Any CPU
	EndGlobalSection
	GlobalSection(ProjectConfigurationPlatforms) = postSolution
		{A2F2BCC8-E655-4527-AD59-722DB38C7A97}.Debug|Any CPU.ActiveCfg = Debug|Any CPU
		{A2F2BCC8-E655-4527-AD59-722DB38C7A97}.Debug|Any CPU.Build.0 = Debug|Any CPU
		{A2F2BCC8-E655-4527-AD59-722DB38C7A97}.Release|Any CPU.ActiveCfg = Release|Any CPU
		{A2F2BCC8-E655-4527-AD59-722DB38C7A97}.Release|Any CPU.Build.0 = Release|Any CPU
		{DDB55788-17D8-4BF5-B9F3-55A8C2A27148}.Debug|Any CPU.ActiveCfg = Debug|Any CPU
		{DDB55788-17D8-4BF5-B9F3-55A8C2A27148}.Debug|Any CPU.Build.0 = Debug|Any CPU
		{DDB55788-17D8-4BF5-B9F3-55A8C2A27148}.Release|Any CPU.ActiveCfg = Release|Any CPU
		{DDB55788-17D8-4BF5-B9F3-55A8C2A27148}.Release|Any CPU.Build.0 = Release|Any CPU
	EndGlobalSection
	GlobalSection(SolutionProperties) = preSolution
		HideSolutionNode = FALSE
	EndGlobalSection
	GlobalSection(ExtensibilityGlobals) = postSolution
		SolutionGuid = {D5C5CDB6-1B41-47D9-B551-0F4D14EF7480}
	EndGlobalSection
EndGlobal
